
Microsoft Visual Studio Solution File, Format Version 12.00
Project("{FAE04EC0-301F-11D3-BF4B-00C04F79EFBC}") = "sales system", "sales system\sales system.csproj", "{C1966453-5E5B-4394-9080-A5F0ABC66C58}"
EndProject
Project("{2150E333-8FDC-42A3-9474-1A3956D46DE8}") = "src", "src", "{F7B2696B-0D52-4D91-81DE-9114AA904110}"
EndProject
Global
	GlobalSection(SolutionConfigurationPlatforms) = preSolution
		Debug|Any CPU = Debug|Any CPU
		Release|Any CPU = Release|Any CPU
	EndGlobalSection
	GlobalSection(ProjectConfigurationPlatforms) = postSolution
		{C1966453-5E5B-4394-9080-A5F0ABC66C58}.Debug|Any CPU.ActiveCfg = Debug|Any CPU
		{C1966453-5E5B-4394-9080-A5F0ABC66C58}.Debug|Any CPU.Build.0 = Debug|Any CPU
		{C1966453-5E5B-4394-9080-A5F0ABC66C58}.Release|Any CPU.ActiveCfg = Release|Any CPU
		{C1966453-5E5B-4394-9080-A5F0ABC66C58}.Release|Any CPU.Build.0 = Release|Any CPU
	EndGlobalSection
	GlobalSection(NestedProjects) = preSolution
		{C1966453-5E5B-4394-9080-A5F0ABC66C58} = {F7B2696B-0D52-4D91-81DE-9114AA904110}
	EndGlobalSection
EndGlobal
